
Microsoft Visual Studio Solution File, Format Version 12.00
# Visual Studio Version 16
VisualStudioVersion = 16.0.31205.134
MinimumVisualStudioVersion = 10.0.40219.1
Project("{FAE04EC0-301F-11D3-BF4B-00C04F79EFBC}") = "Amazon", "Amazon\Amazon.csproj", "{83BD5EC6-E5BD-4399-8036-13E48FA2D9CE}"
EndProject
Global
	GlobalSection(SolutionConfigurationPlatforms) = preSolution
		Debug|Any CPU = Debug|Any CPU
		Release|Any CPU = Release|Any CPU
	EndGlobalSection
	GlobalSection(ProjectConfigurationPlatforms) = postSolution
		{83BD5EC6-E5BD-4399-8036-13E48FA2D9CE}.Debug|Any CPU.ActiveCfg = Debug|Any CPU
		{83BD5EC6-E5BD-4399-8036-13E48FA2D9CE}.Debug|Any CPU.Build.0 = Debug|Any CPU
		{83BD5EC6-E5BD-4399-8036-13E48FA2D9CE}.Release|Any CPU.ActiveCfg = Release|Any CPU
		{83BD5EC6-E5BD-4399-8036-13E48FA2D9CE}.Release|Any CPU.Build.0 = Release|Any CPU
	EndGlobalSection
	GlobalSection(SolutionProperties) = preSolution
		HideSolutionNode = FALSE
	EndGlobalSection
	GlobalSection(ExtensibilityGlobals) = postSolution
		SolutionGuid = {C0B5868A-06E1-43DD-9B0A-426408CB1600}
	EndGlobalSection
EndGlobal
